
Microsoft Visual Studio Solution File, Format Version 12.00
# Visual Studio 15
VisualStudioVersion = 15.0.33026.149
MinimumVisualStudioVersion = 10.0.40219.1
Project("{8BC9CEB8-8B4A-11D0-8D11-00A0C91BC942}") = "daily", "daily\daily.vcxproj", "{F18C2C20-129A-4110-98A8-78F44E586CC4}"
EndProject
Global
	GlobalSection(SolutionConfigurationPlatforms) = preSolution
		Debug|x64 = Debug|x64
		Debug|x86 = Debug|x86
		Release|x64 = Release|x64
		Release|x86 = Release|x86
	EndGlobalSection
	GlobalSection(ProjectConfigurationPlatforms) = postSolution
		{F18C2C20-129A-4110-98A8-78F44E586CC4}.Debug|x64.ActiveCfg = Debug|x64
		{F18C2C20-129A-4110-98A8-78F44E586CC4}.Debug|x64.Build.0 = Debug|x64
		{F18C2C20-129A-4110-98A8-78F44E586CC4}.Debug|x86.ActiveCfg = Debug|Win32
		{F18C2C20-129A-4110-98A8-78F44E586CC4}.Debug|x86.Build.0 = Debug|Win32
		{F18C2C20-129A-4110-98A8-78F44E586CC4}.Release|x64.ActiveCfg = Release|x64
		{F18C2C20-129A-4110-98A8-78F44E586CC4}.Release|x64.Build.0 = Release|x64
		{F18C2C20-129A-4110-98A8-78F44E586CC4}.Release|x86.ActiveCfg = Release|Win32
		{F18C2C20-129A-4110-98A8-78F44E586CC4}.Release|x86.Build.0 = Release|Win32
	EndGlobalSection
	GlobalSection(SolutionProperties) = preSolution
		HideSolutionNode = FALSE
	EndGlobalSection
	GlobalSection(ExtensibilityGlobals) = postSolution
		SolutionGuid = {022F9350-8D07-4A49-8AA5-8A1D1C6213AB}
	EndGlobalSection
EndGlobal
